<?xml version="1.0" encoding="UTF-8" standalone="yes" ?>
<CodeBlocks_project_file>
	<FileVersion major="1" minor="6" />
	<Project>
		<Option title="pyhk" />
		<Option pch_mode="2" />
		<Option compiler="gcc" />
		<Build>
			<Target title="Debug">
				<Option output="bin/Debug/pyhk" prefix_auto="1" extension_auto="1" />
				<Option object_output="obj/Debug/" />
				<Option type="3" />
				<Option compiler="gcc" />
				<Option createDefFile="1" />
				<Option createStaticLib="1" />
				<Compiler>
					<Add option="-g" />
					<Add option="-fPIC" />
					<Add directory="include" />
					<Add directory="/usr/local/include" />
					<Add directory="/usr/include/python3.6" />
					<Add directory="/usr/include/boost" />
					<Add directory="hk_callback" />
				</Compiler>
				<Linker>
					<Add library="lib/libz.so" />
					<Add library="lib/libssl.so" />
					<Add library="lib/libiconv2.so" />
					<Add library="lib/libhpr.so" />
					<Add library="lib/libhcnetsdk.so" />
					<Add library="lib/libcrypto.so" />
					<Add library="lib/libanalyzedata.so" />
					<Add library="lib/libSystemTransform.so" />
					<Add library="lib/libSuperRender.so" />
					<Add library="lib/libStreamTransClient.so" />
					<Add library="lib/libPlayCtrl.so" />
					<Add library="lib/libNPQos.so" />
					<Add library="lib/libHCVoiceTalk.so" />
					<Add library="lib/libHCPreview.so" />
					<Add library="lib/libHCPlayBack.so" />
					<Add library="lib/libHCIndustry.so" />
					<Add library="lib/libHCGeneralCfgMgr.so" />
					<Add library="lib/libHCDisplay.so" />
					<Add library="lib/libHCCoreDevCfg.so" />
					<Add library="lib/libHCCore.so" />
					<Add library="lib/libHCAlarm.so" />
					<Add library="lib/libAudioRender.so" />
					<Add library="lib/HCNetSDKCom/libiconv2.so" />
					<Add library="lib/HCNetSDKCom/libanalyzedata.so" />
					<Add library="lib/HCNetSDKCom/libSystemTransform.so" />
					<Add library="lib/HCNetSDKCom/libStreamTransClient.so" />
					<Add library="lib/HCNetSDKCom/libHCVoiceTalk.so" />
					<Add library="lib/HCNetSDKCom/libHCPreview.so" />
					<Add library="lib/HCNetSDKCom/libHCPlayBack.so" />
					<Add library="lib/HCNetSDKCom/libHCIndustry.so" />
					<Add library="lib/HCNetSDKCom/libHCGeneralCfgMgr.so" />
					<Add library="lib/HCNetSDKCom/libHCDisplay.so" />
					<Add library="lib/HCNetSDKCom/libHCCoreDevCfg.so" />
					<Add library="lib/HCNetSDKCom/libHCAlarm.so" />
					<Add directory="lib" />
				</Linker>
			</Target>
			<Target title="Release">
				<Option output="bin/Release/pyhk" prefix_auto="1" extension_auto="1" />
				<Option object_output="obj/Release/" />
				<Option type="3" />
				<Option compiler="gcc" />
				<Option createDefFile="1" />
				<Option createStaticLib="1" />
				<Compiler>
					<Add option="-O2" />
				</Compiler>
				<Linker>
					<Add option="-s" />
				</Linker>
			</Target>
		</Build>
		<Compiler>
			<Add option="-Wall" />
			<Add option="-fexceptions" />
		</Compiler>
		<Unit filename="hk_callback/hk_callback_wrap.h" />
		<Unit filename="py_hk_wrap.cxx" />
		<Unit filename="py_hk_wrap.h" />
		<Extensions>
			<code_completion />
			<debugger />
		</Extensions>
	</Project>
</CodeBlocks_project_file>
